
Microsoft Visual Studio Solution File, Format Version 12.00
# Visual Studio Version 17
VisualStudioVersion = 17.0.31903.59
MinimumVisualStudioVersion = 10.0.40219.1
Project("{2150E333-8FDC-42A3-9474-1A3956D46DE8}") = "Source", "Source", "{B5762AB4-488A-4EA4-998B-1CA592C12B01}"
EndProject
Project("{2150E333-8FDC-42A3-9474-1A3956D46DE8}") = "Tests", "Tests", "{6BD10CE3-09D4-4BB9-A385-705D62B7961E}"
EndProject
Project("{9A19103F-16F7-4668-BE54-9A1E7A4F7556}") = "Core", "Source\Core\Core.csproj", "{B91CA472-5C39-44FB-81E2-2EC1A01E439E}"
EndProject
Project("{9A19103F-16F7-4668-BE54-9A1E7A4F7556}") = "Shared.Tests", "Tests\Shared.Tests\Shared.Tests.csproj", "{A38D55E3-3692-4526-90F3-FB832D764B86}"
EndProject
Project("{9A19103F-16F7-4668-BE54-9A1E7A4F7556}") = "Infrastructure", "Source\Infrastructure\Infrastructure.csproj", "{542EAADD-3948-4C53-A3A7-AD50B3C0BA19}"
EndProject
Project("{9A19103F-16F7-4668-BE54-9A1E7A4F7556}") = "Infrastructure.UnitTests", "Tests\Infrastructure.UnitTests\Infrastructure.UnitTests.csproj", "{97E717B0-A2DC-474F-8A8D-772B50DF17AC}"
EndProject
Project("{9A19103F-16F7-4668-BE54-9A1E7A4F7556}") = "Core.UnitTests", "Tests\Core.UnitTests\Core.UnitTests.csproj", "{1CC533AB-141E-4EC1-80BF-EA60BEF5A48B}"
EndProject
Project("{2150E333-8FDC-42A3-9474-1A3956D46DE8}") = "Solution Items", "Solution Items", "{25FE9A4E-BC2D-4436-B6FE-DC770CE8687A}"
	ProjectSection(SolutionItems) = preProject
		.github\workflows\dotnet.yml = .github\workflows\dotnet.yml
	EndProjectSection
EndProject
Project("{9A19103F-16F7-4668-BE54-9A1E7A4F7556}") = "Shared", "Source\Shared\Shared.csproj", "{75A52897-A6E5-4653-BC43-6E9C62041331}"
EndProject
Project("{9A19103F-16F7-4668-BE54-9A1E7A4F7556}") = "Web", "Source\Web\Web.csproj", "{9E0F8CC1-B54C-402C-BC94-E4F60C1F79A1}"
EndProject
Project("{9A19103F-16F7-4668-BE54-9A1E7A4F7556}") = "Web.UnitTests", "Tests\Web.UnitTests\Web.UnitTests.csproj", "{C1ECC53E-E1E7-4316-9565-9914B182CAF3}"
EndProject
Global
	GlobalSection(SolutionConfigurationPlatforms) = preSolution
		Debug|Any CPU = Debug|Any CPU
		Release|Any CPU = Release|Any CPU
	EndGlobalSection
	GlobalSection(ProjectConfigurationPlatforms) = postSolution
		{B91CA472-5C39-44FB-81E2-2EC1A01E439E}.Debug|Any CPU.ActiveCfg = Debug|Any CPU
		{B91CA472-5C39-44FB-81E2-2EC1A01E439E}.Debug|Any CPU.Build.0 = Debug|Any CPU
		{B91CA472-5C39-44FB-81E2-2EC1A01E439E}.Release|Any CPU.ActiveCfg = Release|Any CPU
		{B91CA472-5C39-44FB-81E2-2EC1A01E439E}.Release|Any CPU.Build.0 = Release|Any CPU
		{A38D55E3-3692-4526-90F3-FB832D764B86}.Debug|Any CPU.ActiveCfg = Debug|Any CPU
		{A38D55E3-3692-4526-90F3-FB832D764B86}.Debug|Any CPU.Build.0 = Debug|Any CPU
		{A38D55E3-3692-4526-90F3-FB832D764B86}.Release|Any CPU.ActiveCfg = Release|Any CPU
		{A38D55E3-3692-4526-90F3-FB832D764B86}.Release|Any CPU.Build.0 = Release|Any CPU
		{542EAADD-3948-4C53-A3A7-AD50B3C0BA19}.Debug|Any CPU.ActiveCfg = Debug|Any CPU
		{542EAADD-3948-4C53-A3A7-AD50B3C0BA19}.Debug|Any CPU.Build.0 = Debug|Any CPU
		{542EAADD-3948-4C53-A3A7-AD50B3C0BA19}.Release|Any CPU.ActiveCfg = Release|Any CPU
		{542EAADD-3948-4C53-A3A7-AD50B3C0BA19}.Release|Any CPU.Build.0 = Release|Any CPU
		{97E717B0-A2DC-474F-8A8D-772B50DF17AC}.Debug|Any CPU.ActiveCfg = Debug|Any CPU
		{97E717B0-A2DC-474F-8A8D-772B50DF17AC}.Debug|Any CPU.Build.0 = Debug|Any CPU
		{97E717B0-A2DC-474F-8A8D-772B50DF17AC}.Release|Any CPU.ActiveCfg = Release|Any CPU
		{97E717B0-A2DC-474F-8A8D-772B50DF17AC}.Release|Any CPU.Build.0 = Release|Any CPU
		{1CC533AB-141E-4EC1-80BF-EA60BEF5A48B}.Debug|Any CPU.ActiveCfg = Debug|Any CPU
		{1CC533AB-141E-4EC1-80BF-EA60BEF5A48B}.Debug|Any CPU.Build.0 = Debug|Any CPU
		{1CC533AB-141E-4EC1-80BF-EA60BEF5A48B}.Release|Any CPU.ActiveCfg = Release|Any CPU
		{1CC533AB-141E-4EC1-80BF-EA60BEF5A48B}.Release|Any CPU.Build.0 = Release|Any CPU
		{75A52897-A6E5-4653-BC43-6E9C62041331}.Debug|Any CPU.ActiveCfg = Debug|Any CPU
		{75A52897-A6E5-4653-BC43-6E9C62041331}.Debug|Any CPU.Build.0 = Debug|Any CPU
		{75A52897-A6E5-4653-BC43-6E9C62041331}.Release|Any CPU.ActiveCfg = Release|Any CPU
		{75A52897-A6E5-4653-BC43-6E9C62041331}.Release|Any CPU.Build.0 = Release|Any CPU
		{9E0F8CC1-B54C-402C-BC94-E4F60C1F79A1}.Debug|Any CPU.ActiveCfg = Debug|Any CPU
		{9E0F8CC1-B54C-402C-BC94-E4F60C1F79A1}.Debug|Any CPU.Build.0 = Debug|Any CPU
		{9E0F8CC1-B54C-402C-BC94-E4F60C1F79A1}.Release|Any CPU.ActiveCfg = Release|Any CPU
		{9E0F8CC1-B54C-402C-BC94-E4F60C1F79A1}.Release|Any CPU.Build.0 = Release|Any CPU
		{C1ECC53E-E1E7-4316-9565-9914B182CAF3}.Debug|Any CPU.ActiveCfg = Debug|Any CPU
		{C1ECC53E-E1E7-4316-9565-9914B182CAF3}.Debug|Any CPU.Build.0 = Debug|Any CPU
		{C1ECC53E-E1E7-4316-9565-9914B182CAF3}.Release|Any CPU.ActiveCfg = Release|Any CPU
		{C1ECC53E-E1E7-4316-9565-9914B182CAF3}.Release|Any CPU.Build.0 = Release|Any CPU
	EndGlobalSection
	GlobalSection(SolutionProperties) = preSolution
		HideSolutionNode = FALSE
	EndGlobalSection
	GlobalSection(NestedProjects) = preSolution
		{B91CA472-5C39-44FB-81E2-2EC1A01E439E} = {B5762AB4-488A-4EA4-998B-1CA592C12B01}
		{A38D55E3-3692-4526-90F3-FB832D764B86} = {6BD10CE3-09D4-4BB9-A385-705D62B7961E}
		{542EAADD-3948-4C53-A3A7-AD50B3C0BA19} = {B5762AB4-488A-4EA4-998B-1CA592C12B01}
		{97E717B0-A2DC-474F-8A8D-772B50DF17AC} = {6BD10CE3-09D4-4BB9-A385-705D62B7961E}
		{1CC533AB-141E-4EC1-80BF-EA60BEF5A48B} = {6BD10CE3-09D4-4BB9-A385-705D62B7961E}
		{75A52897-A6E5-4653-BC43-6E9C62041331} = {B5762AB4-488A-4EA4-998B-1CA592C12B01}
		{9E0F8CC1-B54C-402C-BC94-E4F60C1F79A1} = {B5762AB4-488A-4EA4-998B-1CA592C12B01}
		{C1ECC53E-E1E7-4316-9565-9914B182CAF3} = {6BD10CE3-09D4-4BB9-A385-705D62B7961E}
	EndGlobalSection
	GlobalSection(ExtensibilityGlobals) = postSolution
		SolutionGuid = {A36FD0BC-7BC4-404C-B091-AB5BFF07204B}
	EndGlobalSection
EndGlobal
